
Microsoft Visual Studio Solution File, Format Version 12.00
# Visual Studio 15
VisualStudioVersion = 15.0.27130.2010
MinimumVisualStudioVersion = 10.0.40219.1
Project("{FAE04EC0-301F-11D3-BF4B-00C04F79EFBC}") = "dinopays.web", "dinopays.web\dinopays.web.csproj", "{82371C1B-DA22-42B2-8B9B-C743FD5B5496}"
EndProject
Global
	GlobalSection(SolutionConfigurationPlatforms) = preSolution
		Debug|Any CPU = Debug|Any CPU
		Release|Any CPU = Release|Any CPU
	EndGlobalSection
	GlobalSection(ProjectConfigurationPlatforms) = postSolution
		{82371C1B-DA22-42B2-8B9B-C743FD5B5496}.Debug|Any CPU.ActiveCfg = Debug|Any CPU
		{82371C1B-DA22-42B2-8B9B-C743FD5B5496}.Debug|Any CPU.Build.0 = Debug|Any CPU
		{82371C1B-DA22-42B2-8B9B-C743FD5B5496}.Release|Any CPU.ActiveCfg = Release|Any CPU
		{82371C1B-DA22-42B2-8B9B-C743FD5B5496}.Release|Any CPU.Build.0 = Release|Any CPU
	EndGlobalSection
	GlobalSection(SolutionProperties) = preSolution
		HideSolutionNode = FALSE
	EndGlobalSection
	GlobalSection(ExtensibilityGlobals) = postSolution
		SolutionGuid = {35A4256F-1F5F-4318-BDF1-10E8E7CAACB5}
	EndGlobalSection
EndGlobal
